
Microsoft Visual Studio Solution File, Format Version 12.00
# Visual Studio Version 17
VisualStudioVersion = 17.5.33530.505
MinimumVisualStudioVersion = 10.0.40219.1
Project("{FAE04EC0-301F-11D3-BF4B-00C04F79EFBC}") = "Dwie liczby", "Dwie liczby\Dwie liczby.csproj", "{7E2520D1-ECC3-47CA-A151-0189310FC14E}"
EndProject
Global
	GlobalSection(SolutionConfigurationPlatforms) = preSolution
		Debug|Any CPU = Debug|Any CPU
		Release|Any CPU = Release|Any CPU
	EndGlobalSection
	GlobalSection(ProjectConfigurationPlatforms) = postSolution
		{7E2520D1-ECC3-47CA-A151-0189310FC14E}.Debug|Any CPU.ActiveCfg = Debug|Any CPU
		{7E2520D1-ECC3-47CA-A151-0189310FC14E}.Debug|Any CPU.Build.0 = Debug|Any CPU
		{7E2520D1-ECC3-47CA-A151-0189310FC14E}.Release|Any CPU.ActiveCfg = Release|Any CPU
		{7E2520D1-ECC3-47CA-A151-0189310FC14E}.Release|Any CPU.Build.0 = Release|Any CPU
	EndGlobalSection
	GlobalSection(SolutionProperties) = preSolution
		HideSolutionNode = FALSE
	EndGlobalSection
	GlobalSection(ExtensibilityGlobals) = postSolution
		SolutionGuid = {06050348-A160-4EA9-A897-281395501AD4}
	EndGlobalSection
EndGlobal
